
Microsoft Visual Studio Solution File, Format Version 12.00
Project("{FAE04EC0-301F-11D3-BF4B-00C04F79EFBC}") = "BinSearch", "BinSearch\BinSearch.csproj", "{190DBEE8-63A4-4481-A510-E9F7A7198A31}"
EndProject
Project("{FAE04EC0-301F-11D3-BF4B-00C04F79EFBC}") = "DirectoryDeepth", "DirectoryDeepth\DirectoryDeepth.csproj", "{49223469-04AC-44DE-96C2-4C1CC7A4E2B6}"
EndProject
Global
	GlobalSection(SolutionConfigurationPlatforms) = preSolution
		Debug|Any CPU = Debug|Any CPU
		Release|Any CPU = Release|Any CPU
	EndGlobalSection
	GlobalSection(ProjectConfigurationPlatforms) = postSolution
		{190DBEE8-63A4-4481-A510-E9F7A7198A31}.Debug|Any CPU.ActiveCfg = Debug|Any CPU
		{190DBEE8-63A4-4481-A510-E9F7A7198A31}.Debug|Any CPU.Build.0 = Debug|Any CPU
		{190DBEE8-63A4-4481-A510-E9F7A7198A31}.Release|Any CPU.ActiveCfg = Release|Any CPU
		{190DBEE8-63A4-4481-A510-E9F7A7198A31}.Release|Any CPU.Build.0 = Release|Any CPU
		{49223469-04AC-44DE-96C2-4C1CC7A4E2B6}.Debug|Any CPU.ActiveCfg = Debug|Any CPU
		{49223469-04AC-44DE-96C2-4C1CC7A4E2B6}.Debug|Any CPU.Build.0 = Debug|Any CPU
		{49223469-04AC-44DE-96C2-4C1CC7A4E2B6}.Release|Any CPU.ActiveCfg = Release|Any CPU
		{49223469-04AC-44DE-96C2-4C1CC7A4E2B6}.Release|Any CPU.Build.0 = Release|Any CPU
	EndGlobalSection
EndGlobal
