
Microsoft Visual Studio Solution File, Format Version 12.00
Project("{FAE04EC0-301F-11D3-BF4B-00C04F79EFBC}") = "BinSearch", "BinSearch\BinSearch.csproj", "{190DBEE8-63A4-4481-A510-E9F7A7198A31}"
EndProject
Project("{FAE04EC0-301F-11D3-BF4B-00C04F79EFBC}") = "DirectoryDeepth", "DirectoryDeepth\DirectoryDeepth.csproj", "{49223469-04AC-44DE-96C2-4C1CC7A4E2B6}"
EndProject
Project("{FAE04EC0-301F-11D3-BF4B-00C04F79EFBC}") = "SortByLength", "SortByLength\SortByLength.csproj", "{DEBE90F7-982D-42B9-AFBB-80EFE5C50AE8}"
EndProject
Project("{FAE04EC0-301F-11D3-BF4B-00C04F79EFBC}") = "Cross", "Cross\Cross.csproj", "{0470EFE9-0C0E-4FF0-B089-C7E49901F61C}"
EndProject
Project("{FAE04EC0-301F-11D3-BF4B-00C04F79EFBC}") = "WordGen", "WordGen\WordGen.csproj", "{39514378-E24C-4DBB-BABD-69B242C389D2}"
EndProject
Project("{FAE04EC0-301F-11D3-BF4B-00C04F79EFBC}") = "MergeSort", "MergeSort\MergeSort.csproj", "{EC56AD8A-F36E-49C4-B1A6-039A35ABFCA7}"
EndProject
Project("{FAE04EC0-301F-11D3-BF4B-00C04F79EFBC}") = "Collections", "Collections\Collections.csproj", "{E2255E18-05C7-4495-A247-23ECE8511EBF}"
EndProject
Project("{FAE04EC0-301F-11D3-BF4B-00C04F79EFBC}") = "PCFindSimilar", "PCFindSimilar\PCFindSimilar.csproj", "{69CA6710-A308-4712-8065-37858D48597B}"
EndProject
Global
	GlobalSection(SolutionConfigurationPlatforms) = preSolution
		Debug|Any CPU = Debug|Any CPU
		Release|Any CPU = Release|Any CPU
	EndGlobalSection
	GlobalSection(ProjectConfigurationPlatforms) = postSolution
		{190DBEE8-63A4-4481-A510-E9F7A7198A31}.Debug|Any CPU.ActiveCfg = Debug|Any CPU
		{190DBEE8-63A4-4481-A510-E9F7A7198A31}.Debug|Any CPU.Build.0 = Debug|Any CPU
		{190DBEE8-63A4-4481-A510-E9F7A7198A31}.Release|Any CPU.ActiveCfg = Release|Any CPU
		{190DBEE8-63A4-4481-A510-E9F7A7198A31}.Release|Any CPU.Build.0 = Release|Any CPU
		{49223469-04AC-44DE-96C2-4C1CC7A4E2B6}.Debug|Any CPU.ActiveCfg = Debug|Any CPU
		{49223469-04AC-44DE-96C2-4C1CC7A4E2B6}.Debug|Any CPU.Build.0 = Debug|Any CPU
		{49223469-04AC-44DE-96C2-4C1CC7A4E2B6}.Release|Any CPU.ActiveCfg = Release|Any CPU
		{49223469-04AC-44DE-96C2-4C1CC7A4E2B6}.Release|Any CPU.Build.0 = Release|Any CPU
		{DEBE90F7-982D-42B9-AFBB-80EFE5C50AE8}.Debug|Any CPU.ActiveCfg = Debug|Any CPU
		{DEBE90F7-982D-42B9-AFBB-80EFE5C50AE8}.Debug|Any CPU.Build.0 = Debug|Any CPU
		{DEBE90F7-982D-42B9-AFBB-80EFE5C50AE8}.Release|Any CPU.ActiveCfg = Release|Any CPU
		{DEBE90F7-982D-42B9-AFBB-80EFE5C50AE8}.Release|Any CPU.Build.0 = Release|Any CPU
		{0470EFE9-0C0E-4FF0-B089-C7E49901F61C}.Debug|Any CPU.ActiveCfg = Debug|Any CPU
		{0470EFE9-0C0E-4FF0-B089-C7E49901F61C}.Debug|Any CPU.Build.0 = Debug|Any CPU
		{0470EFE9-0C0E-4FF0-B089-C7E49901F61C}.Release|Any CPU.ActiveCfg = Release|Any CPU
		{0470EFE9-0C0E-4FF0-B089-C7E49901F61C}.Release|Any CPU.Build.0 = Release|Any CPU
		{39514378-E24C-4DBB-BABD-69B242C389D2}.Debug|Any CPU.ActiveCfg = Debug|Any CPU
		{39514378-E24C-4DBB-BABD-69B242C389D2}.Debug|Any CPU.Build.0 = Debug|Any CPU
		{39514378-E24C-4DBB-BABD-69B242C389D2}.Release|Any CPU.ActiveCfg = Release|Any CPU
		{39514378-E24C-4DBB-BABD-69B242C389D2}.Release|Any CPU.Build.0 = Release|Any CPU
		{EC56AD8A-F36E-49C4-B1A6-039A35ABFCA7}.Debug|Any CPU.ActiveCfg = Debug|Any CPU
		{EC56AD8A-F36E-49C4-B1A6-039A35ABFCA7}.Debug|Any CPU.Build.0 = Debug|Any CPU
		{EC56AD8A-F36E-49C4-B1A6-039A35ABFCA7}.Release|Any CPU.ActiveCfg = Release|Any CPU
		{EC56AD8A-F36E-49C4-B1A6-039A35ABFCA7}.Release|Any CPU.Build.0 = Release|Any CPU
		{E2255E18-05C7-4495-A247-23ECE8511EBF}.Debug|Any CPU.ActiveCfg = Debug|Any CPU
		{E2255E18-05C7-4495-A247-23ECE8511EBF}.Debug|Any CPU.Build.0 = Debug|Any CPU
		{E2255E18-05C7-4495-A247-23ECE8511EBF}.Release|Any CPU.ActiveCfg = Release|Any CPU
		{E2255E18-05C7-4495-A247-23ECE8511EBF}.Release|Any CPU.Build.0 = Release|Any CPU
		{69CA6710-A308-4712-8065-37858D48597B}.Debug|Any CPU.ActiveCfg = Debug|Any CPU
		{69CA6710-A308-4712-8065-37858D48597B}.Debug|Any CPU.Build.0 = Debug|Any CPU
		{69CA6710-A308-4712-8065-37858D48597B}.Release|Any CPU.ActiveCfg = Release|Any CPU
		{69CA6710-A308-4712-8065-37858D48597B}.Release|Any CPU.Build.0 = Release|Any CPU
	EndGlobalSection
EndGlobal
