
Microsoft Visual Studio Solution File, Format Version 12.00
Project("{FAE04EC0-301F-11D3-BF4B-00C04F79EFBC}") = "WorkSpace", "WorkSpace\WorkSpace.csproj", "{BB813141-5127-4C3B-BB11-226E5D201ADC}"
EndProject
Global
	GlobalSection(SolutionConfigurationPlatforms) = preSolution
		Debug|Any CPU = Debug|Any CPU
		Release|Any CPU = Release|Any CPU
	EndGlobalSection
	GlobalSection(ProjectConfigurationPlatforms) = postSolution
		{BB813141-5127-4C3B-BB11-226E5D201ADC}.Debug|Any CPU.ActiveCfg = Debug|Any CPU
		{BB813141-5127-4C3B-BB11-226E5D201ADC}.Debug|Any CPU.Build.0 = Debug|Any CPU
		{BB813141-5127-4C3B-BB11-226E5D201ADC}.Release|Any CPU.ActiveCfg = Release|Any CPU
		{BB813141-5127-4C3B-BB11-226E5D201ADC}.Release|Any CPU.Build.0 = Release|Any CPU
	EndGlobalSection
EndGlobal
